
Microsoft Visual Studio Solution File, Format Version 12.00
# Visual Studio 15
VisualStudioVersion = 15.0.28010.2050
MinimumVisualStudioVersion = 10.0.40219.1
Project("{F184B08F-C81C-45F6-A57F-5ABD9991F28F}") = "WindowsApp9", "WindowsApp9\WindowsApp9.vbproj", "{F49B8A2D-616A-42E7-BB11-8ADADDA81FF5}"
EndProject
Global
	GlobalSection(SolutionConfigurationPlatforms) = preSolution
		Debug|Any CPU = Debug|Any CPU
		Release|Any CPU = Release|Any CPU
	EndGlobalSection
	GlobalSection(ProjectConfigurationPlatforms) = postSolution
		{F49B8A2D-616A-42E7-BB11-8ADADDA81FF5}.Debug|Any CPU.ActiveCfg = Debug|Any CPU
		{F49B8A2D-616A-42E7-BB11-8ADADDA81FF5}.Debug|Any CPU.Build.0 = Debug|Any CPU
		{F49B8A2D-616A-42E7-BB11-8ADADDA81FF5}.Release|Any CPU.ActiveCfg = Release|Any CPU
		{F49B8A2D-616A-42E7-BB11-8ADADDA81FF5}.Release|Any CPU.Build.0 = Release|Any CPU
	EndGlobalSection
	GlobalSection(SolutionProperties) = preSolution
		HideSolutionNode = FALSE
	EndGlobalSection
	GlobalSection(ExtensibilityGlobals) = postSolution
		SolutionGuid = {25BB8800-8F83-4CBE-AF7D-AF00E73B0BC7}
	EndGlobalSection
EndGlobal
