
Microsoft Visual Studio Solution File, Format Version 12.00
# Visual Studio 15
VisualStudioVersion = 15.0.28010.2050
MinimumVisualStudioVersion = 10.0.40219.1
Project("{F184B08F-C81C-45F6-A57F-5ABD9991F28F}") = "ribka", "ribka\ribka.vbproj", "{CA394BB5-23CF-4408-93BD-90E339A3A3EB}"
EndProject
Global
	GlobalSection(SolutionConfigurationPlatforms) = preSolution
		Debug|Any CPU = Debug|Any CPU
		Release|Any CPU = Release|Any CPU
	EndGlobalSection
	GlobalSection(ProjectConfigurationPlatforms) = postSolution
		{CA394BB5-23CF-4408-93BD-90E339A3A3EB}.Debug|Any CPU.ActiveCfg = Debug|Any CPU
		{CA394BB5-23CF-4408-93BD-90E339A3A3EB}.Debug|Any CPU.Build.0 = Debug|Any CPU
		{CA394BB5-23CF-4408-93BD-90E339A3A3EB}.Release|Any CPU.ActiveCfg = Release|Any CPU
		{CA394BB5-23CF-4408-93BD-90E339A3A3EB}.Release|Any CPU.Build.0 = Release|Any CPU
	EndGlobalSection
	GlobalSection(SolutionProperties) = preSolution
		HideSolutionNode = FALSE
	EndGlobalSection
	GlobalSection(ExtensibilityGlobals) = postSolution
		SolutionGuid = {D3237CBC-0CD0-425C-9071-5818DDFD130C}
	EndGlobalSection
EndGlobal
